
Microsoft Visual Studio Solution File, Format Version 12.00
# Visual Studio Version 17
VisualStudioVersion = 17.14.36017.23 d17.14
MinimumVisualStudioVersion = 10.0.40219.1
Project("{FAE04EC0-301F-11D3-BF4B-00C04F79EFBC}") = "MARCOS_IRISH", "MARCOS_IRISH.csproj", "{F2250D16-1439-4F5A-A7F8-F325250BC735}"
EndProject
Global
	GlobalSection(SolutionConfigurationPlatforms) = preSolution
		Debug|Any CPU = Debug|Any CPU
		Release|Any CPU = Release|Any CPU
	EndGlobalSection
	GlobalSection(ProjectConfigurationPlatforms) = postSolution
		{F2250D16-1439-4F5A-A7F8-F325250BC735}.Debug|Any CPU.ActiveCfg = Debug|Any CPU
		{F2250D16-1439-4F5A-A7F8-F325250BC735}.Debug|Any CPU.Build.0 = Debug|Any CPU
		{F2250D16-1439-4F5A-A7F8-F325250BC735}.Release|Any CPU.ActiveCfg = Release|Any CPU
		{F2250D16-1439-4F5A-A7F8-F325250BC735}.Release|Any CPU.Build.0 = Release|Any CPU
	EndGlobalSection
	GlobalSection(SolutionProperties) = preSolution
		HideSolutionNode = FALSE
	EndGlobalSection
	GlobalSection(ExtensibilityGlobals) = postSolution
		SolutionGuid = {C50E507D-433A-4406-B3AC-E8F747B9803F}
	EndGlobalSection
EndGlobal
