
Microsoft Visual Studio Solution File, Format Version 12.00
# Visual Studio Version 17
VisualStudioVersion = 17.14.36017.23 d17.14
MinimumVisualStudioVersion = 10.0.40219.1
Project("{FAE04EC0-301F-11D3-BF4B-00C04F79EFBC}") = "NINA SANDANA BORROMEOO", "NINA SANDANA BORROMEOO.csproj", "{665575F6-0F26-4012-9278-7927A0805BDD}"
EndProject
Global
	GlobalSection(SolutionConfigurationPlatforms) = preSolution
		Debug|Any CPU = Debug|Any CPU
		Release|Any CPU = Release|Any CPU
	EndGlobalSection
	GlobalSection(ProjectConfigurationPlatforms) = postSolution
		{665575F6-0F26-4012-9278-7927A0805BDD}.Debug|Any CPU.ActiveCfg = Debug|Any CPU
		{665575F6-0F26-4012-9278-7927A0805BDD}.Debug|Any CPU.Build.0 = Debug|Any CPU
		{665575F6-0F26-4012-9278-7927A0805BDD}.Release|Any CPU.ActiveCfg = Release|Any CPU
		{665575F6-0F26-4012-9278-7927A0805BDD}.Release|Any CPU.Build.0 = Release|Any CPU
	EndGlobalSection
	GlobalSection(SolutionProperties) = preSolution
		HideSolutionNode = FALSE
	EndGlobalSection
	GlobalSection(ExtensibilityGlobals) = postSolution
		SolutionGuid = {3B0C1B5E-F129-484D-8655-F3162DA6CC01}
	EndGlobalSection
EndGlobal
